
Microsoft Visual Studio Solution File, Format Version 12.00
# Visual Studio 15
VisualStudioVersion = 15.0.28307.421
MinimumVisualStudioVersion = 10.0.40219.1
Project("{FAE04EC0-301F-11D3-BF4B-00C04F79EFBC}") = "Project1", "Project1\Project1.csproj", "{3114F2DE-E318-4EAA-A46B-0F49CA4BF14D}"
EndProject
Global
	GlobalSection(SolutionConfigurationPlatforms) = preSolution
		Debug|Any CPU = Debug|Any CPU
		Release|Any CPU = Release|Any CPU
	EndGlobalSection
	GlobalSection(ProjectConfigurationPlatforms) = postSolution
		{3114F2DE-E318-4EAA-A46B-0F49CA4BF14D}.Debug|Any CPU.ActiveCfg = Debug|Any CPU
		{3114F2DE-E318-4EAA-A46B-0F49CA4BF14D}.Debug|Any CPU.Build.0 = Debug|Any CPU
		{3114F2DE-E318-4EAA-A46B-0F49CA4BF14D}.Release|Any CPU.ActiveCfg = Release|Any CPU
		{3114F2DE-E318-4EAA-A46B-0F49CA4BF14D}.Release|Any CPU.Build.0 = Release|Any CPU
	EndGlobalSection
	GlobalSection(SolutionProperties) = preSolution
		HideSolutionNode = FALSE
	EndGlobalSection
	GlobalSection(ExtensibilityGlobals) = postSolution
		SolutionGuid = {122B55C4-A88D-4CE0-815F-E954A511D155}
	EndGlobalSection
EndGlobal
