
Microsoft Visual Studio Solution File, Format Version 12.00
# Visual Studio 15
VisualStudioVersion = 15.0.28307.421
MinimumVisualStudioVersion = 10.0.40219.1
Project("{D2ABAB84-BF74-430A-B69E-9DC6D40DDA17}") = "MultidimensionalProject1", "MultidimensionalProject1\MultidimensionalProject1.dwproj", "{97907254-96ED-4F6E-9814-5730DB028E67}"
EndProject
Global
	GlobalSection(SolutionConfigurationPlatforms) = preSolution
		Development|Default = Development|Default
	EndGlobalSection
	GlobalSection(ProjectConfigurationPlatforms) = postSolution
		{97907254-96ED-4F6E-9814-5730DB028E67}.Development|Default.ActiveCfg = Development
		{97907254-96ED-4F6E-9814-5730DB028E67}.Development|Default.Build.0 = Development
		{97907254-96ED-4F6E-9814-5730DB028E67}.Development|Default.Deploy.0 = Development
	EndGlobalSection
	GlobalSection(SolutionProperties) = preSolution
		HideSolutionNode = FALSE
	EndGlobalSection
	GlobalSection(ExtensibilityGlobals) = postSolution
		SolutionGuid = {2453053C-94EE-411A-8E24-04616984F33C}
	EndGlobalSection
EndGlobal
