
Microsoft Visual Studio Solution File, Format Version 12.00
# Visual Studio 15
VisualStudioVersion = 15.0.28307.705
MinimumVisualStudioVersion = 10.0.40219.1
Project("{159641D6-6404-4A2A-AE62-294DE0FE8301}") = "Integration Services Project4", "Integration Services Project4\Integration Services Project4.dtproj", "{C467787F-0A18-41CE-8069-EEC074634F4F}"
EndProject
Global
	GlobalSection(SolutionConfigurationPlatforms) = preSolution
		Development|Default = Development|Default
	EndGlobalSection
	GlobalSection(ProjectConfigurationPlatforms) = postSolution
		{C467787F-0A18-41CE-8069-EEC074634F4F}.Development|Default.ActiveCfg = Development
		{C467787F-0A18-41CE-8069-EEC074634F4F}.Development|Default.Build.0 = Development
	EndGlobalSection
	GlobalSection(SolutionProperties) = preSolution
		HideSolutionNode = FALSE
	EndGlobalSection
	GlobalSection(ExtensibilityGlobals) = postSolution
		SolutionGuid = {DBAF4A1F-231A-454C-8999-270C3CF2BD3B}
	EndGlobalSection
EndGlobal
