
Microsoft Visual Studio Solution File, Format Version 12.00
# Visual Studio 15
VisualStudioVersion = 15.0.28307.421
MinimumVisualStudioVersion = 10.0.40219.1
Project("{159641D6-6404-4A2A-AE62-294DE0FE8301}") = "Integration Services Project3", "Integration Services Project3\Integration Services Project3.dtproj", "{4A12C8B1-FC51-45E1-9416-31CE19D4EBFF}"
EndProject
Global
	GlobalSection(SolutionConfigurationPlatforms) = preSolution
		Development|Default = Development|Default
	EndGlobalSection
	GlobalSection(ProjectConfigurationPlatforms) = postSolution
		{4A12C8B1-FC51-45E1-9416-31CE19D4EBFF}.Development|Default.ActiveCfg = Development
		{4A12C8B1-FC51-45E1-9416-31CE19D4EBFF}.Development|Default.Build.0 = Development
	EndGlobalSection
	GlobalSection(SolutionProperties) = preSolution
		HideSolutionNode = FALSE
	EndGlobalSection
	GlobalSection(ExtensibilityGlobals) = postSolution
		SolutionGuid = {1747574F-093E-478B-82AE-690240F14272}
	EndGlobalSection
EndGlobal
