
Microsoft Visual Studio Solution File, Format Version 12.00
# Visual Studio 15
VisualStudioVersion = 15.0.28307.705
MinimumVisualStudioVersion = 10.0.40219.1
Project("{00D1A9C2-B5F0-4AF3-8072-F6C62B433612}") = "Adventure", "Adventure\Adventure.sqlproj", "{6B6090C2-6B3C-4679-AB28-40806392F2F3}"
EndProject
Project("{FAE04EC0-301F-11D3-BF4B-00C04F79EFBC}") = "TestProject1", "TestProject1\TestProject1.csproj", "{D3A01771-B16F-40B6-8FF6-F077AFAFE395}"
EndProject
Global
	GlobalSection(SolutionConfigurationPlatforms) = preSolution
		Debug|Any CPU = Debug|Any CPU
		Release|Any CPU = Release|Any CPU
	EndGlobalSection
	GlobalSection(ProjectConfigurationPlatforms) = postSolution
		{6B6090C2-6B3C-4679-AB28-40806392F2F3}.Debug|Any CPU.ActiveCfg = Debug|Any CPU
		{6B6090C2-6B3C-4679-AB28-40806392F2F3}.Debug|Any CPU.Build.0 = Debug|Any CPU
		{6B6090C2-6B3C-4679-AB28-40806392F2F3}.Debug|Any CPU.Deploy.0 = Debug|Any CPU
		{6B6090C2-6B3C-4679-AB28-40806392F2F3}.Release|Any CPU.ActiveCfg = Release|Any CPU
		{6B6090C2-6B3C-4679-AB28-40806392F2F3}.Release|Any CPU.Build.0 = Release|Any CPU
		{6B6090C2-6B3C-4679-AB28-40806392F2F3}.Release|Any CPU.Deploy.0 = Release|Any CPU
		{D3A01771-B16F-40B6-8FF6-F077AFAFE395}.Debug|Any CPU.ActiveCfg = Debug|Any CPU
		{D3A01771-B16F-40B6-8FF6-F077AFAFE395}.Debug|Any CPU.Build.0 = Debug|Any CPU
		{D3A01771-B16F-40B6-8FF6-F077AFAFE395}.Release|Any CPU.ActiveCfg = Release|Any CPU
		{D3A01771-B16F-40B6-8FF6-F077AFAFE395}.Release|Any CPU.Build.0 = Release|Any CPU
	EndGlobalSection
	GlobalSection(SolutionProperties) = preSolution
		HideSolutionNode = FALSE
	EndGlobalSection
	GlobalSection(ExtensibilityGlobals) = postSolution
		SolutionGuid = {468BD6BB-F3BF-4D40-A7D1-9E483FD622EE}
	EndGlobalSection
EndGlobal
